// !$*UTF8*$!
{
	archiveVersion = 1;
	classes = {
	};
	objectVersion = 50;
	objects = {

/* Begin PBXBuildFile section */
		38122A85256592510003D1D3 /* ViewControllerExplicacionVideo.swift in Sources */ = {isa = PBXBuildFile; fileRef = 38122A84256592510003D1D3 /* ViewControllerExplicacionVideo.swift */; };
		381C5FFE2563079700D74696 /* ViewControllerFinal.swift in Sources */ = {isa = PBXBuildFile; fileRef = 381C5FFD2563079700D74696 /* ViewControllerFinal.swift */; };
		38209A632537CE8000CA2E4F /* AppDelegate.swift in Sources */ = {isa = PBXBuildFile; fileRef = 38209A622537CE8000CA2E4F /* AppDelegate.swift */; };
		38209A652537CE8000CA2E4F /* SceneDelegate.swift in Sources */ = {isa = PBXBuildFile; fileRef = 38209A642537CE8000CA2E4F /* SceneDelegate.swift */; };
		38209A672537CE8000CA2E4F /* ViewController.swift in Sources */ = {isa = PBXBuildFile; fileRef = 38209A662537CE8000CA2E4F /* ViewController.swift */; };
		38209A6A2537CE8000CA2E4F /* Main.storyboard in Resources */ = {isa = PBXBuildFile; fileRef = 38209A682537CE8000CA2E4F /* Main.storyboard */; };
		38209A6C2537CE8A00CA2E4F /* Assets.xcassets in Resources */ = {isa = PBXBuildFile; fileRef = 38209A6B2537CE8A00CA2E4F /* Assets.xcassets */; };
		38209A6F2537CE8A00CA2E4F /* LaunchScreen.storyboard in Resources */ = {isa = PBXBuildFile; fileRef = 38209A6D2537CE8A00CA2E4F /* LaunchScreen.storyboard */; };
		38683F372550C7230030D01F /* ViewControllerReglaSimple.swift in Sources */ = {isa = PBXBuildFile; fileRef = 38683F362550C7230030D01F /* ViewControllerReglaSimple.swift */; };
		38A4CEF3255208320016865F /* PalabrasSimple.swift in Sources */ = {isa = PBXBuildFile; fileRef = 38A4CEF2255208320016865F /* PalabrasSimple.swift */; };
		38AFAA3E255358A6007676B9 /* ViewControllerExplicacionTexto.swift in Sources */ = {isa = PBXBuildFile; fileRef = 38AFAA3D255358A6007676B9 /* ViewControllerExplicacionTexto.swift */; };
		38AFAA4025535E37007676B9 /* ViewControllerVideoExplicatorio.swift in Sources */ = {isa = PBXBuildFile; fileRef = 38AFAA3F25535E37007676B9 /* ViewControllerVideoExplicatorio.swift */; };
		38CE2B052561E72C00794A31 /* palabrasGeneral.json in Resources */ = {isa = PBXBuildFile; fileRef = 38CE2B042561E72C00794A31 /* palabrasGeneral.json */; };
		38CE2B102561F91100794A31 /* palabrasContexto.json in Resources */ = {isa = PBXBuildFile; fileRef = 38CE2B0F2561F91100794A31 /* palabrasContexto.json */; };
		38FA42FD25531E9E008CBB51 /* ViewControllerReglaContexto.swift in Sources */ = {isa = PBXBuildFile; fileRef = 38FA42FC25531E9E008CBB51 /* ViewControllerReglaContexto.swift */; };
		38FA430025531F82008CBB51 /* PalabrasContexto.swift in Sources */ = {isa = PBXBuildFile; fileRef = 38FA42FF25531F82008CBB51 /* PalabrasContexto.swift */; };
		8F1F33F125633BF30054E24D /* Game.json in Resources */ = {isa = PBXBuildFile; fileRef = 8F1F33F025633BF30054E24D /* Game.json */; };
		8F569C1C25534F6200314A5E /* ViewControllerReglaHiato.swift in Sources */ = {isa = PBXBuildFile; fileRef = 8F569C1B25534F6200314A5E /* ViewControllerReglaHiato.swift */; };
		8F569C1F2553524A00314A5E /* PalabrasHiato.swift in Sources */ = {isa = PBXBuildFile; fileRef = 8F569C1E2553524A00314A5E /* PalabrasHiato.swift */; };
/* End PBXBuildFile section */

/* Begin PBXFileReference section */
		38122A84256592510003D1D3 /* ViewControllerExplicacionVideo.swift */ = {isa = PBXFileReference; lastKnownFileType = sourcecode.swift; path = ViewControllerExplicacionVideo.swift; sourceTree = "<group>"; };
		381C5FFD2563079700D74696 /* ViewControllerFinal.swift */ = {isa = PBXFileReference; lastKnownFileType = sourcecode.swift; path = ViewControllerFinal.swift; sourceTree = "<group>"; };
		38209A5F2537CE8000CA2E4F /* proyectoFinal.app */ = {isa = PBXFileReference; explicitFileType = wrapper.application; includeInIndex = 0; path = proyectoFinal.app; sourceTree = BUILT_PRODUCTS_DIR; };
		38209A622537CE8000CA2E4F /* AppDelegate.swift */ = {isa = PBXFileReference; lastKnownFileType = sourcecode.swift; path = AppDelegate.swift; sourceTree = "<group>"; };
		38209A642537CE8000CA2E4F /* SceneDelegate.swift */ = {isa = PBXFileReference; lastKnownFileType = sourcecode.swift; path = SceneDelegate.swift; sourceTree = "<group>"; };
		38209A662537CE8000CA2E4F /* ViewController.swift */ = {isa = PBXFileReference; lastKnownFileType = sourcecode.swift; path = ViewController.swift; sourceTree = "<group>"; };
		38209A692537CE8000CA2E4F /* Base */ = {isa = PBXFileReference; lastKnownFileType = file.storyboard; name = Base; path = Base.lproj/Main.storyboard; sourceTree = "<group>"; };
		38209A6B2537CE8A00CA2E4F /* Assets.xcassets */ = {isa = PBXFileReference; lastKnownFileType = folder.assetcatalog; path = Assets.xcassets; sourceTree = "<group>"; };
		38209A6E2537CE8A00CA2E4F /* Base */ = {isa = PBXFileReference; lastKnownFileType = file.storyboard; name = Base; path = Base.lproj/LaunchScreen.storyboard; sourceTree = "<group>"; };
		38209A702537CE8A00CA2E4F /* Info.plist */ = {isa = PBXFileReference; lastKnownFileType = text.plist.xml; path = Info.plist; sourceTree = "<group>"; };
		38683F362550C7230030D01F /* ViewControllerReglaSimple.swift */ = {isa = PBXFileReference; lastKnownFileType = sourcecode.swift; path = ViewControllerReglaSimple.swift; sourceTree = "<group>"; };
		38A4CEF2255208320016865F /* PalabrasSimple.swift */ = {isa = PBXFileReference; lastKnownFileType = sourcecode.swift; path = PalabrasSimple.swift; sourceTree = "<group>"; };
		38AFAA3D255358A6007676B9 /* ViewControllerExplicacionTexto.swift */ = {isa = PBXFileReference; lastKnownFileType = sourcecode.swift; path = ViewControllerExplicacionTexto.swift; sourceTree = "<group>"; };
		38AFAA3F25535E37007676B9 /* ViewControllerVideoExplicatorio.swift */ = {isa = PBXFileReference; lastKnownFileType = sourcecode.swift; path = ViewControllerVideoExplicatorio.swift; sourceTree = "<group>"; };
		38CE2B042561E72C00794A31 /* palabrasGeneral.json */ = {isa = PBXFileReference; fileEncoding = 4; lastKnownFileType = text.json; path = palabrasGeneral.json; sourceTree = "<group>"; };
		38CE2B0F2561F91100794A31 /* palabrasContexto.json */ = {isa = PBXFileReference; fileEncoding = 4; lastKnownFileType = text.json; path = palabrasContexto.json; sourceTree = "<group>"; };
		38FA42FC25531E9E008CBB51 /* ViewControllerReglaContexto.swift */ = {isa = PBXFileReference; lastKnownFileType = sourcecode.swift; path = ViewControllerReglaContexto.swift; sourceTree = "<group>"; };
		38FA42FF25531F82008CBB51 /* PalabrasContexto.swift */ = {isa = PBXFileReference; lastKnownFileType = sourcecode.swift; path = PalabrasContexto.swift; sourceTree = "<group>"; };
		8F1F33F025633BF30054E24D /* Game.json */ = {isa = PBXFileReference; fileEncoding = 4; lastKnownFileType = text.json; path = Game.json; sourceTree = SOURCE_ROOT; };
		8F569C1B25534F6200314A5E /* ViewControllerReglaHiato.swift */ = {isa = PBXFileReference; lastKnownFileType = sourcecode.swift; path = ViewControllerReglaHiato.swift; sourceTree = "<group>"; };
		8F569C1E2553524A00314A5E /* PalabrasHiato.swift */ = {isa = PBXFileReference; lastKnownFileType = sourcecode.swift; path = PalabrasHiato.swift; sourceTree = "<group>"; };
/* End PBXFileReference section */

/* Begin PBXFrameworksBuildPhase section */
		38209A5C2537CE8000CA2E4F /* Frameworks */ = {
			isa = PBXFrameworksBuildPhase;
			buildActionMask = 2147483647;
			files = (
			);
			runOnlyForDeploymentPostprocessing = 0;
		};
/* End PBXFrameworksBuildPhase section */

/* Begin PBXGroup section */
		38209A562537CE8000CA2E4F = {
			isa = PBXGroup;
			children = (
				38209A612537CE8000CA2E4F /* proyectoFinal */,
				38209A602537CE8000CA2E4F /* Products */,
			);
			sourceTree = "<group>";
		};
		38209A602537CE8000CA2E4F /* Products */ = {
			isa = PBXGroup;
			children = (
				38209A5F2537CE8000CA2E4F /* proyectoFinal.app */,
			);
			name = Products;
			sourceTree = "<group>";
		};
		38209A612537CE8000CA2E4F /* proyectoFinal */ = {
			isa = PBXGroup;
			children = (
				38122A84256592510003D1D3 /* ViewControllerExplicacionVideo.swift */,
				8F569C1B25534F6200314A5E /* ViewControllerReglaHiato.swift */,
				38209A622537CE8000CA2E4F /* AppDelegate.swift */,
				38209A642537CE8000CA2E4F /* SceneDelegate.swift */,
				38209A662537CE8000CA2E4F /* ViewController.swift */,
				38209A682537CE8000CA2E4F /* Main.storyboard */,
				381C5FFD2563079700D74696 /* ViewControllerFinal.swift */,
				8F1F33F025633BF30054E24D /* Game.json */,
				38AFAA3F25535E37007676B9 /* ViewControllerVideoExplicatorio.swift */,
				38AFAA3D255358A6007676B9 /* ViewControllerExplicacionTexto.swift */,
				8F569C1E2553524A00314A5E /* PalabrasHiato.swift */,
				38CE2B042561E72C00794A31 /* palabrasGeneral.json */,
				38FA42FC25531E9E008CBB51 /* ViewControllerReglaContexto.swift */,
				38FA42FF25531F82008CBB51 /* PalabrasContexto.swift */,
				38683F362550C7230030D01F /* ViewControllerReglaSimple.swift */,
				38A4CEF2255208320016865F /* PalabrasSimple.swift */,
				38CE2B0F2561F91100794A31 /* palabrasContexto.json */,
				38209A6B2537CE8A00CA2E4F /* Assets.xcassets */,
				38209A6D2537CE8A00CA2E4F /* LaunchScreen.storyboard */,
				38209A702537CE8A00CA2E4F /* Info.plist */,
			);
			path = proyectoFinal;
			sourceTree = "<group>";
		};
/* End PBXGroup section */

/* Begin PBXNativeTarget section */
		38209A5E2537CE8000CA2E4F /* proyectoFinal */ = {
			isa = PBXNativeTarget;
			buildConfigurationList = 38209A732537CE8A00CA2E4F /* Build configuration list for PBXNativeTarget "proyectoFinal" */;
			buildPhases = (
				38209A5B2537CE8000CA2E4F /* Sources */,
				38209A5C2537CE8000CA2E4F /* Frameworks */,
				38209A5D2537CE8000CA2E4F /* Resources */,
			);
			buildRules = (
			);
			dependencies = (
			);
			name = proyectoFinal;
			productName = proyectoFinal;
			productReference = 38209A5F2537CE8000CA2E4F /* proyectoFinal.app */;
			productType = "com.apple.product-type.application";
		};
/* End PBXNativeTarget section */

/* Begin PBXProject section */
		38209A572537CE8000CA2E4F /* Project object */ = {
			isa = PBXProject;
			attributes = {
				LastSwiftUpdateCheck = 1150;
				LastUpgradeCheck = 1150;
				ORGANIZATIONNAME = Nina;
				TargetAttributes = {
					38209A5E2537CE8000CA2E4F = {
						CreatedOnToolsVersion = 11.5;
					};
				};
			};
			buildConfigurationList = 38209A5A2537CE8000CA2E4F /* Build configuration list for PBXProject "proyectoFinal" */;
			compatibilityVersion = "Xcode 9.3";
			developmentRegion = en;
			hasScannedForEncodings = 0;
			knownRegions = (
				en,
				Base,
			);
			mainGroup = 38209A562537CE8000CA2E4F;
			productRefGroup = 38209A602537CE8000CA2E4F /* Products */;
			projectDirPath = "";
			projectRoot = "";
			targets = (
				38209A5E2537CE8000CA2E4F /* proyectoFinal */,
			);
		};
/* End PBXProject section */

/* Begin PBXResourcesBuildPhase section */
		38209A5D2537CE8000CA2E4F /* Resources */ = {
			isa = PBXResourcesBuildPhase;
			buildActionMask = 2147483647;
			files = (
				38CE2B052561E72C00794A31 /* palabrasGeneral.json in Resources */,
				38209A6F2537CE8A00CA2E4F /* LaunchScreen.storyboard in Resources */,
				38209A6C2537CE8A00CA2E4F /* Assets.xcassets in Resources */,
				38209A6A2537CE8000CA2E4F /* Main.storyboard in Resources */,
				38CE2B102561F91100794A31 /* palabrasContexto.json in Resources */,
				8F1F33F125633BF30054E24D /* Game.json in Resources */,
			);
			runOnlyForDeploymentPostprocessing = 0;
		};
/* End PBXResourcesBuildPhase section */

/* Begin PBXSourcesBuildPhase section */
		38209A5B2537CE8000CA2E4F /* Sources */ = {
			isa = PBXSourcesBuildPhase;
			buildActionMask = 2147483647;
			files = (
				8F569C1C25534F6200314A5E /* ViewControllerReglaHiato.swift in Sources */,
				38209A672537CE8000CA2E4F /* ViewController.swift in Sources */,
				38122A85256592510003D1D3 /* ViewControllerExplicacionVideo.swift in Sources */,
				38209A632537CE8000CA2E4F /* AppDelegate.swift in Sources */,
				8F569C1F2553524A00314A5E /* PalabrasHiato.swift in Sources */,
				38683F372550C7230030D01F /* ViewControllerReglaSimple.swift in Sources */,
				381C5FFE2563079700D74696 /* ViewControllerFinal.swift in Sources */,
				38AFAA3E255358A6007676B9 /* ViewControllerExplicacionTexto.swift in Sources */,
				38A4CEF3255208320016865F /* PalabrasSimple.swift in Sources */,
				38AFAA4025535E37007676B9 /* ViewControllerVideoExplicatorio.swift in Sources */,
				38FA42FD25531E9E008CBB51 /* ViewControllerReglaContexto.swift in Sources */,
				38FA430025531F82008CBB51 /* PalabrasContexto.swift in Sources */,
				38209A652537CE8000CA2E4F /* SceneDelegate.swift in Sources */,
			);
			runOnlyForDeploymentPostprocessing = 0;
		};
/* End PBXSourcesBuildPhase section */

/* Begin PBXVariantGroup section */
		38209A682537CE8000CA2E4F /* Main.storyboard */ = {
			isa = PBXVariantGroup;
			children = (
				38209A692537CE8000CA2E4F /* Base */,
			);
			name = Main.storyboard;
			sourceTree = "<group>";
		};
		38209A6D2537CE8A00CA2E4F /* LaunchScreen.storyboard */ = {
			isa = PBXVariantGroup;
			children = (
				38209A6E2537CE8A00CA2E4F /* Base */,
			);
			name = LaunchScreen.storyboard;
			sourceTree = "<group>";
		};
/* End PBXVariantGroup section */

/* Begin XCBuildConfiguration section */
		38209A712537CE8A00CA2E4F /* Debug */ = {
			isa = XCBuildConfiguration;
			buildSettings = {
				ALWAYS_SEARCH_USER_PATHS = NO;
				CLANG_ANALYZER_NONNULL = YES;
				CLANG_ANALYZER_NUMBER_OBJECT_CONVERSION = YES_AGGRESSIVE;
				CLANG_CXX_LANGUAGE_STANDARD = "gnu++14";
				CLANG_CXX_LIBRARY = "libc++";
				CLANG_ENABLE_MODULES = YES;
				CLANG_ENABLE_OBJC_ARC = YES;
				CLANG_ENABLE_OBJC_WEAK = YES;
				CLANG_WARN_BLOCK_CAPTURE_AUTORELEASING = YES;
				CLANG_WARN_BOOL_CONVERSION = YES;
				CLANG_WARN_COMMA = YES;
				CLANG_WARN_CONSTANT_CONVERSION = YES;
				CLANG_WARN_DEPRECATED_OBJC_IMPLEMENTATIONS = YES;
				CLANG_WARN_DIRECT_OBJC_ISA_USAGE = YES_ERROR;
				CLANG_WARN_DOCUMENTATION_COMMENTS = YES;
				CLANG_WARN_EMPTY_BODY = YES;
				CLANG_WARN_ENUM_CONVERSION = YES;
				CLANG_WARN_INFINITE_RECURSION = YES;
				CLANG_WARN_INT_CONVERSION = YES;
				CLANG_WARN_NON_LITERAL_NULL_CONVERSION = YES;
				CLANG_WARN_OBJC_IMPLICIT_RETAIN_SELF = YES;
				CLANG_WARN_OBJC_LITERAL_CONVERSION = YES;
				CLANG_WARN_OBJC_ROOT_CLASS = YES_ERROR;
				CLANG_WARN_RANGE_LOOP_ANALYSIS = YES;
				CLANG_WARN_STRICT_PROTOTYPES = YES;
				CLANG_WARN_SUSPICIOUS_MOVE = YES;
				CLANG_WARN_UNGUARDED_AVAILABILITY = YES_AGGRESSIVE;
				CLANG_WARN_UNREACHABLE_CODE = YES;
				CLANG_WARN__DUPLICATE_METHOD_MATCH = YES;
				COPY_PHASE_STRIP = NO;
				DEBUG_INFORMATION_FORMAT = dwarf;
				ENABLE_STRICT_OBJC_MSGSEND = YES;
				ENABLE_TESTABILITY = YES;
				GCC_C_LANGUAGE_STANDARD = gnu11;
				GCC_DYNAMIC_NO_PIC = NO;
				GCC_NO_COMMON_BLOCKS = YES;
				GCC_OPTIMIZATION_LEVEL = 0;
				GCC_PREPROCESSOR_DEFINITIONS = (
					"DEBUG=1",
					"$(inherited)",
				);
				GCC_WARN_64_TO_32_BIT_CONVERSION = YES;
				GCC_WARN_ABOUT_RETURN_TYPE = YES_ERROR;
				GCC_WARN_UNDECLARED_SELECTOR = YES;
				GCC_WARN_UNINITIALIZED_AUTOS = YES_AGGRESSIVE;
				GCC_WARN_UNUSED_FUNCTION = YES;
				GCC_WARN_UNUSED_VARIABLE = YES;
				IPHONEOS_DEPLOYMENT_TARGET = 13.5;
				MTL_ENABLE_DEBUG_INFO = INCLUDE_SOURCE;
				MTL_FAST_MATH = YES;
				ONLY_ACTIVE_ARCH = YES;
				SDKROOT = iphoneos;
				SWIFT_ACTIVE_COMPILATION_CONDITIONS = DEBUG;
				SWIFT_OPTIMIZATION_LEVEL = "-Onone";
			};
			name = Debug;
		};
		38209A722537CE8A00CA2E4F /* Release */ = {
			isa = XCBuildConfiguration;
			buildSettings = {
				ALWAYS_SEARCH_USER_PATHS = NO;
				CLANG_ANALYZER_NONNULL = YES;
				CLANG_ANALYZER_NUMBER_OBJECT_CONVERSION = YES_AGGRESSIVE;
				CLANG_CXX_LANGUAGE_STANDARD = "gnu++14";
				CLANG_CXX_LIBRARY = "libc++";
				CLANG_ENABLE_MODULES = YES;
				CLANG_ENABLE_OBJC_ARC = YES;
				CLANG_ENABLE_OBJC_WEAK = YES;
				CLANG_WARN_BLOCK_CAPTURE_AUTORELEASING = YES;
				CLANG_WARN_BOOL_CONVERSION = YES;
				CLANG_WARN_COMMA = YES;
				CLANG_WARN_CONSTANT_CONVERSION = YES;
				CLANG_WARN_DEPRECATED_OBJC_IMPLEMENTATIONS = YES;
				CLANG_WARN_DIRECT_OBJC_ISA_USAGE = YES_ERROR;
				CLANG_WARN_DOCUMENTATION_COMMENTS = YES;
				CLANG_WARN_EMPTY_BODY = YES;
				CLANG_WARN_ENUM_CONVERSION = YES;
				CLANG_WARN_INFINITE_RECURSION = YES;
				CLANG_WARN_INT_CONVERSION = YES;
				CLANG_WARN_NON_LITERAL_NULL_CONVERSION = YES;
				CLANG_WARN_OBJC_IMPLICIT_RETAIN_SELF = YES;
				CLANG_WARN_OBJC_LITERAL_CONVERSION = YES;
				CLANG_WARN_OBJC_ROOT_CLASS = YES_ERROR;
				CLANG_WARN_RANGE_LOOP_ANALYSIS = YES;
				CLANG_WARN_STRICT_PROTOTYPES = YES;
				CLANG_WARN_SUSPICIOUS_MOVE = YES;
				CLANG_WARN_UNGUARDED_AVAILABILITY = YES_AGGRESSIVE;
				CLANG_WARN_UNREACHABLE_CODE = YES;
				CLANG_WARN__DUPLICATE_METHOD_MATCH = YES;
				COPY_PHASE_STRIP = NO;
				DEBUG_INFORMATION_FORMAT = "dwarf-with-dsym";
				ENABLE_NS_ASSERTIONS = NO;
				ENABLE_STRICT_OBJC_MSGSEND = YES;
				GCC_C_LANGUAGE_STANDARD = gnu11;
				GCC_NO_COMMON_BLOCKS = YES;
				GCC_WARN_64_TO_32_BIT_CONVERSION = YES;
				GCC_WARN_ABOUT_RETURN_TYPE = YES_ERROR;
				GCC_WARN_UNDECLARED_SELECTOR = YES;
				GCC_WARN_UNINITIALIZED_AUTOS = YES_AGGRESSIVE;
				GCC_WARN_UNUSED_FUNCTION = YES;
				GCC_WARN_UNUSED_VARIABLE = YES;
				IPHONEOS_DEPLOYMENT_TARGET = 13.5;
				MTL_ENABLE_DEBUG_INFO = NO;
				MTL_FAST_MATH = YES;
				SDKROOT = iphoneos;
				SWIFT_COMPILATION_MODE = wholemodule;
				SWIFT_OPTIMIZATION_LEVEL = "-O";
				VALIDATE_PRODUCT = YES;
			};
			name = Release;
		};
		38209A742537CE8A00CA2E4F /* Debug */ = {
			isa = XCBuildConfiguration;
			buildSettings = {
				ASSETCATALOG_COMPILER_APPICON_NAME = AppIcon;
				CODE_SIGN_STYLE = Automatic;
				INFOPLIST_FILE = proyectoFinal/Info.plist;
				LD_RUNPATH_SEARCH_PATHS = (
					"$(inherited)",
					"@executable_path/Frameworks",
				);
				PRODUCT_BUNDLE_IDENTIFIER = Nina.proyectoFinal;
				PRODUCT_NAME = "$(TARGET_NAME)";
				SWIFT_VERSION = 5.0;
				TARGETED_DEVICE_FAMILY = "1,2";
			};
			name = Debug;
		};
		38209A752537CE8A00CA2E4F /* Release */ = {
			isa = XCBuildConfiguration;
			buildSettings = {
				ASSETCATALOG_COMPILER_APPICON_NAME = AppIcon;
				CODE_SIGN_STYLE = Automatic;
				INFOPLIST_FILE = proyectoFinal/Info.plist;
				LD_RUNPATH_SEARCH_PATHS = (
					"$(inherited)",
					"@executable_path/Frameworks",
				);
				PRODUCT_BUNDLE_IDENTIFIER = Nina.proyectoFinal;
				PRODUCT_NAME = "$(TARGET_NAME)";
				SWIFT_VERSION = 5.0;
				TARGETED_DEVICE_FAMILY = "1,2";
			};
			name = Release;
		};
/* End XCBuildConfiguration section */

/* Begin XCConfigurationList section */
		38209A5A2537CE8000CA2E4F /* Build configuration list for PBXProject "proyectoFinal" */ = {
			isa = XCConfigurationList;
			buildConfigurations = (
				38209A712537CE8A00CA2E4F /* Debug */,
				38209A722537CE8A00CA2E4F /* Release */,
			);
			defaultConfigurationIsVisible = 0;
			defaultConfigurationName = Release;
		};
		38209A732537CE8A00CA2E4F /* Build configuration list for PBXNativeTarget "proyectoFinal" */ = {
			isa = XCConfigurationList;
			buildConfigurations = (
				38209A742537CE8A00CA2E4F /* Debug */,
				38209A752537CE8A00CA2E4F /* Release */,
			);
			defaultConfigurationIsVisible = 0;
			defaultConfigurationName = Release;
		};
/* End XCConfigurationList section */
	};
	rootObject = 38209A572537CE8000CA2E4F /* Project object */;
}
